
Microsoft Visual Studio Solution File, Format Version 12.00
# Visual Studio Version 16
VisualStudioVersion = 16.0.31829.152
MinimumVisualStudioVersion = 10.0.40219.1
Project("{FAE04EC0-301F-11D3-BF4B-00C04F79EFBC}") = "WpfLab12", "WpfLab12\WpfLab12.csproj", "{31105790-F62A-4E5B-B369-3F75805E59BB}"
EndProject
Global
	GlobalSection(SolutionConfigurationPlatforms) = preSolution
		Debug|Any CPU = Debug|Any CPU
		Release|Any CPU = Release|Any CPU
	EndGlobalSection
	GlobalSection(ProjectConfigurationPlatforms) = postSolution
		{31105790-F62A-4E5B-B369-3F75805E59BB}.Debug|Any CPU.ActiveCfg = Debug|Any CPU
		{31105790-F62A-4E5B-B369-3F75805E59BB}.Debug|Any CPU.Build.0 = Debug|Any CPU
		{31105790-F62A-4E5B-B369-3F75805E59BB}.Release|Any CPU.ActiveCfg = Release|Any CPU
		{31105790-F62A-4E5B-B369-3F75805E59BB}.Release|Any CPU.Build.0 = Release|Any CPU
	EndGlobalSection
	GlobalSection(SolutionProperties) = preSolution
		HideSolutionNode = FALSE
	EndGlobalSection
	GlobalSection(ExtensibilityGlobals) = postSolution
		SolutionGuid = {E1128F6E-C67B-408C-B21E-AACD74FEA5B0}
	EndGlobalSection
EndGlobal
